
Microsoft Visual Studio Solution File, Format Version 12.00
# Visual Studio Version 17
VisualStudioVersion = 17.11.35222.181
MinimumVisualStudioVersion = 10.0.40219.1
Project("{FAE04EC0-301F-11D3-BF4B-00C04F79EFBC}") = "Caso2Scaffolding21100310LEON", "Caso2Scaffolding21100310LEON.csproj", "{ADC7AEF9-2515-48D1-9399-31BEF223852E}"
EndProject
Global
	GlobalSection(SolutionConfigurationPlatforms) = preSolution
		Debug|Any CPU = Debug|Any CPU
		Release|Any CPU = Release|Any CPU
	EndGlobalSection
	GlobalSection(ProjectConfigurationPlatforms) = postSolution
		{ADC7AEF9-2515-48D1-9399-31BEF223852E}.Debug|Any CPU.ActiveCfg = Debug|Any CPU
		{ADC7AEF9-2515-48D1-9399-31BEF223852E}.Debug|Any CPU.Build.0 = Debug|Any CPU
		{ADC7AEF9-2515-48D1-9399-31BEF223852E}.Release|Any CPU.ActiveCfg = Release|Any CPU
		{ADC7AEF9-2515-48D1-9399-31BEF223852E}.Release|Any CPU.Build.0 = Release|Any CPU
	EndGlobalSection
	GlobalSection(SolutionProperties) = preSolution
		HideSolutionNode = FALSE
	EndGlobalSection
	GlobalSection(ExtensibilityGlobals) = postSolution
		SolutionGuid = {759048B4-AD57-430D-82B2-18F0D297E110}
	EndGlobalSection
EndGlobal
